{
  "version": "3",
  "packages": {
    "specifiers": {
      "jsr:@david/code-block-writer@^13.0.2": "jsr:@david/code-block-writer@13.0.2",
      "jsr:@deno/cache-dir@^0.10.3": "jsr:@deno/cache-dir@0.10.3",
      "jsr:@deno/dnt@^0.41.3": "jsr:@deno/dnt@0.41.3",
      "jsr:@std/assert@^0.223.0": "jsr:@std/assert@0.223.0",
      "jsr:@std/assert@^0.226.0": "jsr:@std/assert@0.226.0",
      "jsr:@std/assert@^1.0.0": "jsr:@std/assert@1.0.6",
      "jsr:@std/assert@^1.0.2": "jsr:@std/assert@1.0.6",
      "jsr:@std/bytes@^0.223.0": "jsr:@std/bytes@0.223.0",
      "jsr:@std/fmt@1": "jsr:@std/fmt@1.0.2",
      "jsr:@std/fmt@^0.223": "jsr:@std/fmt@0.223.0",
      "jsr:@std/fs@1": "jsr:@std/fs@1.0.4",
      "jsr:@std/fs@^0.223": "jsr:@std/fs@0.223.0",
      "jsr:@std/fs@^0.229.3": "jsr:@std/fs@0.229.3",
      "jsr:@std/fs@^1.0.0": "jsr:@std/fs@1.0.4",
      "jsr:@std/fs@^1.0.1": "jsr:@std/fs@1.0.4",
      "jsr:@std/internal@^1.0.1": "jsr:@std/internal@1.0.4",
      "jsr:@std/internal@^1.0.4": "jsr:@std/internal@1.0.4",
      "jsr:@std/io": "jsr:@std/io@0.223.0",
      "jsr:@std/io@^0.223": "jsr:@std/io@0.223.0",
      "jsr:@std/jsonc@^1.0.0": "jsr:@std/jsonc@1.0.1",
      "jsr:@std/path@1": "jsr:@std/path@1.0.6",
      "jsr:@std/path@1.0.0-rc.1": "jsr:@std/path@1.0.0-rc.1",
      "jsr:@std/path@^0.223": "jsr:@std/path@0.223.0",
      "jsr:@std/path@^0.225.2": "jsr:@std/path@0.225.2",
      "jsr:@std/path@^1.0.0": "jsr:@std/path@1.0.6",
      "jsr:@std/path@^1.0.2": "jsr:@std/path@1.0.6",
      "jsr:@std/path@^1.0.6": "jsr:@std/path@1.0.6",
      "jsr:@std/testing@^1.0.0": "jsr:@std/testing@1.0.0",
      "jsr:@ts-morph/bootstrap@^0.24.0": "jsr:@ts-morph/bootstrap@0.24.0",
      "jsr:@ts-morph/common@^0.24.0": "jsr:@ts-morph/common@0.24.0",
      "npm:@types/node": "npm:@types/node@18.16.19",
      "npm:axios-mock-adapter@^2.0.0": "npm:axios-mock-adapter@2.0.0_axios@1.7.7",
      "npm:axios@^1.7.3": "npm:axios@1.7.7",
      "npm:fetch-blob@^4.0.0": "npm:fetch-blob@4.0.0",
      "npm:fetch-mock@^11.1.3": "npm:fetch-mock@11.1.3",
      "npm:typedoc@0.26.7": "npm:typedoc@0.26.7_typescript@5.5.4",
      "npm:typescript@^5.4.5": "npm:typescript@5.5.4"
    },
    "jsr": {
      "@david/code-block-writer@13.0.2": {
        "integrity": "14dd3baaafa3a2dea8bf7dfbcddeccaa13e583da2d21d666c01dc6d681cd74ad"
      },
      "@deno/cache-dir@0.10.3": {
        "integrity": "eb022f84ecc49c91d9d98131c6e6b118ff63a29e343624d058646b9d50404776",
        "dependencies": [
          "jsr:@std/fmt@^0.223",
          "jsr:@std/fs@^0.223",
          "jsr:@std/io@^0.223",
          "jsr:@std/path@^0.223"
        ]
      },
      "@deno/dnt@0.41.3": {
        "integrity": "b2ef2c8a5111eef86cb5bfcae103d6a2938e8e649e2461634a7befb7fc59d6d2",
        "dependencies": [
          "jsr:@david/code-block-writer@^13.0.2",
          "jsr:@deno/cache-dir@^0.10.3",
          "jsr:@std/fmt@1",
          "jsr:@std/fs@1",
          "jsr:@std/path@1",
          "jsr:@ts-morph/bootstrap@^0.24.0"
        ]
      },
      "@std/assert@0.223.0": {
        "integrity": "eb8d6d879d76e1cc431205bd346ed4d88dc051c6366365b1af47034b0670be24"
      },
      "@std/assert@0.226.0": {
        "integrity": "0dfb5f7c7723c18cec118e080fec76ce15b4c31154b15ad2bd74822603ef75b3"
      },
      "@std/assert@1.0.2": {
        "integrity": "ccacec332958126deaceb5c63ff8b4eaf9f5ed0eac9feccf124110435e59e49c",
        "dependencies": [
          "jsr:@std/internal@^1.0.1"
        ]
      },
      "@std/assert@1.0.6": {
        "integrity": "1904c05806a25d94fe791d6d883b685c9e2dcd60e4f9fc30f4fc5cf010c72207",
        "dependencies": [
          "jsr:@std/internal@^1.0.4"
        ]
      },
      "@std/bytes@0.223.0": {
        "integrity": "84b75052cd8680942c397c2631318772b295019098f40aac5c36cead4cba51a8"
      },
      "@std/fmt@0.223.0": {
        "integrity": "6deb37794127dfc7d7bded2586b9fc6f5d50e62a8134846608baf71ffc1a5208"
      },
      "@std/fmt@1.0.2": {
        "integrity": "87e9dfcdd3ca7c066e0c3c657c1f987c82888eb8103a3a3baa62684ffeb0f7a7"
      },
      "@std/fs@0.223.0": {
        "integrity": "3b4b0550b2c524cbaaa5a9170c90e96cbb7354e837ad1bdaf15fc9df1ae9c31c"
      },
      "@std/fs@0.229.3": {
        "integrity": "783bca21f24da92e04c3893c9e79653227ab016c48e96b3078377ebd5222e6eb",
        "dependencies": [
          "jsr:@std/path@1.0.0-rc.1"
        ]
      },
      "@std/fs@1.0.4": {
        "integrity": "2907d32d8d1d9e540588fd5fe0ec21ee638134bd51df327ad4e443aaef07123c",
        "dependencies": [
          "jsr:@std/path@^1.0.6"
        ]
      },
      "@std/internal@1.0.1": {
        "integrity": "6f8c7544d06a11dd256c8d6ba54b11ed870aac6c5aeafff499892662c57673e6"
      },
      "@std/internal@1.0.4": {
        "integrity": "62e8e4911527e5e4f307741a795c0b0a9e6958d0b3790716ae71ce085f755422"
      },
      "@std/io@0.223.0": {
        "integrity": "2d8c3c2ab3a515619b90da2c6ff5ea7b75a94383259ef4d02116b228393f84f1",
        "dependencies": [
          "jsr:@std/assert@^0.223.0",
          "jsr:@std/bytes@^0.223.0"
        ]
      },
      "@std/jsonc@1.0.1": {
        "integrity": "6b36956e2a7cbb08ca5ad7fbec72e661e6217c202f348496ea88747636710dda"
      },
      "@std/path@0.223.0": {
        "integrity": "593963402d7e6597f5a6e620931661053572c982fc014000459edc1f93cc3989",
        "dependencies": [
          "jsr:@std/assert@^0.223.0"
        ]
      },
      "@std/path@0.225.2": {
        "integrity": "0f2db41d36b50ef048dcb0399aac720a5348638dd3cb5bf80685bf2a745aa506",
        "dependencies": [
          "jsr:@std/assert@^0.226.0"
        ]
      },
      "@std/path@1.0.0-rc.1": {
        "integrity": "b8c00ae2f19106a6bb7cbf1ab9be52aa70de1605daeb2dbdc4f87a7cbaf10ff6"
      },
      "@std/path@1.0.6": {
        "integrity": "ab2c55f902b380cf28e0eec501b4906e4c1960d13f00e11cfbcd21de15f18fed"
      },
      "@std/testing@1.0.0": {
        "integrity": "27cfc06392c69c2acffe54e6d0bcb5f961cf193f519255372bd4fff1481bfef8",
        "dependencies": [
          "jsr:@std/assert@^1.0.2",
          "jsr:@std/fs@^1.0.1",
          "jsr:@std/internal@^1.0.1",
          "jsr:@std/path@^1.0.2"
        ]
      },
      "@ts-morph/bootstrap@0.24.0": {
        "integrity": "a826a2ef7fa8a7c3f1042df2c034d20744d94da2ee32bf29275bcd4dffd3c060",
        "dependencies": [
          "jsr:@ts-morph/common@^0.24.0"
        ]
      },
      "@ts-morph/common@0.24.0": {
        "integrity": "12b625b8e562446ba658cdbe9ad77774b4bd96b992ae8bd34c60dbf24d06c1f3",
        "dependencies": [
          "jsr:@std/fs@^0.229.3",
          "jsr:@std/path@^0.225.2"
        ]
      }
    },
    "npm": {
      "@shikijs/core@1.21.0": {
        "integrity": "sha512-zAPMJdiGuqXpZQ+pWNezQAk5xhzRXBNiECFPcJLtUdsFM3f//G95Z15EHTnHchYycU8kIIysqGgxp8OVSj1SPQ==",
        "dependencies": {
          "@shikijs/engine-javascript": "@shikijs/engine-javascript@1.21.0",
          "@shikijs/engine-oniguruma": "@shikijs/engine-oniguruma@1.21.0",
          "@shikijs/types": "@shikijs/types@1.21.0",
          "@shikijs/vscode-textmate": "@shikijs/vscode-textmate@9.2.2",
          "@types/hast": "@types/hast@3.0.4",
          "hast-util-to-html": "hast-util-to-html@9.0.3"
        }
      },
      "@shikijs/engine-javascript@1.21.0": {
        "integrity": "sha512-jxQHNtVP17edFW4/0vICqAVLDAxmyV31MQJL4U/Kg+heQALeKYVOWo0sMmEZ18FqBt+9UCdyqGKYE7bLRtk9mg==",
        "dependencies": {
          "@shikijs/types": "@shikijs/types@1.21.0",
          "@shikijs/vscode-textmate": "@shikijs/vscode-textmate@9.2.2",
          "oniguruma-to-js": "oniguruma-to-js@0.4.3"
        }
      },
      "@shikijs/engine-oniguruma@1.21.0": {
        "integrity": "sha512-AIZ76XocENCrtYzVU7S4GY/HL+tgHGbVU+qhiDyNw1qgCA5OSi4B4+HY4BtAoJSMGuD/L5hfTzoRVbzEm2WTvg==",
        "dependencies": {
          "@shikijs/types": "@shikijs/types@1.21.0",
          "@shikijs/vscode-textmate": "@shikijs/vscode-textmate@9.2.2"
        }
      },
      "@shikijs/types@1.21.0": {
        "integrity": "sha512-tzndANDhi5DUndBtpojEq/42+dpUF2wS7wdCDQaFtIXm3Rd1QkrcVgSSRLOvEwexekihOXfbYJINW37g96tJRw==",
        "dependencies": {
          "@shikijs/vscode-textmate": "@shikijs/vscode-textmate@9.2.2",
          "@types/hast": "@types/hast@3.0.4"
        }
      },
      "@shikijs/vscode-textmate@9.2.2": {
        "integrity": "sha512-TMp15K+GGYrWlZM8+Lnj9EaHEFmOen0WJBrfa17hF7taDOYthuPPV0GWzfd/9iMij0akS/8Yw2ikquH7uVi/fg==",
        "dependencies": {}
      },
      "@types/glob-to-regexp@0.4.4": {
        "integrity": "sha512-nDKoaKJYbnn1MZxUY0cA1bPmmgZbg0cTq7Rh13d0KWYNOiKbqoR+2d89SnRPszGh7ROzSwZ/GOjZ4jPbmmZ6Eg==",
        "dependencies": {}
      },
      "@types/hast@3.0.4": {
        "integrity": "sha512-WPs+bbQw5aCj+x6laNGWLH3wviHtoCv/P3+otBhbOhJgG8qtpdAMlTCxLtsTWA7LH1Oh/bFCHsBn0TPS5m30EQ==",
        "dependencies": {
          "@types/unist": "@types/unist@3.0.3"
        }
      },
      "@types/mdast@4.0.4": {
        "integrity": "sha512-kGaNbPh1k7AFzgpud/gMdvIm5xuECykRR+JnWKQno9TAXVa6WIVCGTPvYGekIDL4uwCZQSYbUxNBSb1aUo79oA==",
        "dependencies": {
          "@types/unist": "@types/unist@3.0.3"
        }
      },
      "@types/node@18.16.19": {
        "integrity": "sha512-IXl7o+R9iti9eBW4Wg2hx1xQDig183jj7YLn8F7udNceyfkbn1ZxmzZXuak20gR40D7pIkIY1kYGx5VIGbaHKA==",
        "dependencies": {}
      },
      "@types/unist@3.0.3": {
        "integrity": "sha512-ko/gIFJRv177XgZsZcBwnqJN5x/Gien8qNOn0D5bQU/zAzVf9Zt3BlcUiLqhV9y4ARk0GbT3tnUiPNgnTXzc/Q==",
        "dependencies": {}
      },
      "@ungap/structured-clone@1.2.0": {
        "integrity": "sha512-zuVdFrMJiuCDQUMCzQaD6KL28MjnqqN8XnAqiEq9PNm/hCPTSGfrXCOfwj1ow4LFb/tNymJPwsNbVePc1xFqrQ==",
        "dependencies": {}
      },
      "argparse@2.0.1": {
        "integrity": "sha512-8+9WqebbFzpX9OR+Wa6O29asIogeRMzcGtAINdpMHHyAg10f05aSFVBbcEqGf/PXw1EjAZ+q2/bEBg3DvurK3Q==",
        "dependencies": {}
      },
      "asynckit@0.4.0": {
        "integrity": "sha512-Oei9OH4tRh0YqU3GxhX79dM/mwVgvbZJaSNaRk+bshkj0S5cfHcgYakreBjrHwatXKbz+IoIdYLxrKim2MjW0Q==",
        "dependencies": {}
      },
      "axios-mock-adapter@2.0.0_axios@1.7.7": {
        "integrity": "sha512-D/K0J5Zm6KvaMTnsWrBQZWLzKN9GxUFZEa0mx2qeEHXDeTugCoplWehy8y36dj5vuSjhe1u/Dol8cZ8lzzmDew==",
        "dependencies": {
          "axios": "axios@1.7.7",
          "fast-deep-equal": "fast-deep-equal@3.1.3",
          "is-buffer": "is-buffer@2.0.5"
        }
      },
      "axios@1.7.7": {
        "integrity": "sha512-S4kL7XrjgBmvdGut0sN3yJxqYzrDOnivkBiN0OFs6hLiUam3UPvswUo0kqGyhqUZGEOytHyumEdXsAkgCOUf3Q==",
        "dependencies": {
          "follow-redirects": "follow-redirects@1.15.8",
          "form-data": "form-data@4.0.0",
          "proxy-from-env": "proxy-from-env@1.1.0"
        }
      },
      "balanced-match@1.0.2": {
        "integrity": "sha512-3oSeUO0TMV67hN1AmbXsK4yaqU7tjiHlbxRDZOpH0KW9+CeX4bRAaX0Anxt0tx2MrpRpWwQaPwIlISEJhYU5Pw==",
        "dependencies": {}
      },
      "brace-expansion@2.0.1": {
        "integrity": "sha512-XnAIvQ8eM+kC6aULx6wuQiwVsnzsi9d3WxzV3FpWTGA19F621kwdbsAcFKXgKUHZWsy+mY6iL1sHTxWEFCytDA==",
        "dependencies": {
          "balanced-match": "balanced-match@1.0.2"
        }
      },
      "ccount@2.0.1": {
        "integrity": "sha512-eyrF0jiFpY+3drT6383f1qhkbGsLSifNAjA61IUjZjmLCWjItY6LB9ft9YhoDgwfmclB2zhu51Lc7+95b8NRAg==",
        "dependencies": {}
      },
      "character-entities-html4@2.1.0": {
        "integrity": "sha512-1v7fgQRj6hnSwFpq1Eu0ynr/CDEw0rXo2B61qXrLNdHZmPKgb7fqS1a2JwF0rISo9q77jDI8VMEHoApn8qDoZA==",
        "dependencies": {}
      },
      "character-entities-legacy@3.0.0": {
        "integrity": "sha512-RpPp0asT/6ufRm//AJVwpViZbGM/MkjQFxJccQRHmISF/22NBtsHqAWmL+/pmkPWoIUJdWyeVleTl1wydHATVQ==",
        "dependencies": {}
      },
      "combined-stream@1.0.8": {
        "integrity": "sha512-FQN4MRfuJeHf7cBbBMJFXhKSDq+2kAArBlmRBvcvFE5BB1HZKXtSFASDhdlz9zOYwxh8lDdnvmMOe/+5cdoEdg==",
        "dependencies": {
          "delayed-stream": "delayed-stream@1.0.0"
        }
      },
      "comma-separated-tokens@2.0.3": {
        "integrity": "sha512-Fu4hJdvzeylCfQPp9SGWidpzrMs7tTrlu6Vb8XGaRGck8QSNZJJp538Wrb60Lax4fPwR64ViY468OIUTbRlGZg==",
        "dependencies": {}
      },
      "delayed-stream@1.0.0": {
        "integrity": "sha512-ZySD7Nf91aLB0RxL4KGrKHBXl7Eds1DAmEdcoVawXnLD7SDhpNgtuII2aAkg7a7QS41jxPSZ17p4VdGnMHk3MQ==",
        "dependencies": {}
      },
      "dequal@2.0.3": {
        "integrity": "sha512-0je+qPKHEMohvfRTCEo3CrPG6cAzAYgmzKyxRiYSSDkS6eGJdyVJm7WaYA5ECaAD9wLB2T4EEeymA5aFVcYXCA==",
        "dependencies": {}
      },
      "devlop@1.1.0": {
        "integrity": "sha512-RWmIqhcFf1lRYBvNmr7qTNuyCt/7/ns2jbpp1+PalgE/rDQcBT0fioSMUpJ93irlUhC5hrg4cYqe6U+0ImW0rA==",
        "dependencies": {
          "dequal": "dequal@2.0.3"
        }
      },
      "entities@4.5.0": {
        "integrity": "sha512-V0hjH4dGPh9Ao5p0MoRY6BVqtwCjhz6vI5LT8AJ55H+4g9/4vbHx1I54fS0XuclLhDHArPQCiMjDxjaL8fPxhw==",
        "dependencies": {}
      },
      "fast-deep-equal@3.1.3": {
        "integrity": "sha512-f3qQ9oQy9j2AhBe/H9VC91wLmKBCCU/gDOnKNAYG5hswO7BLKj09Hc5HYNz9cGI++xlpDCIgDaitVs03ATR84Q==",
        "dependencies": {}
      },
      "fetch-blob@4.0.0": {
        "integrity": "sha512-nPmnhRmpNMjYWnp9EBMGs6z5lq9RXed5W1vuZcECrsDVQInM8AMQSooVb3X183Aole60adzjWbH9qlRFWzDDTA==",
        "dependencies": {
          "node-domexception": "node-domexception@1.0.0"
        }
      },
      "fetch-mock@11.1.3": {
        "integrity": "sha512-ATh0dWgnVrUHiiXuvQm1Ry+ThWfSv1QQgqJTCtybrNxyUrFiSOaDKsNG29eyysp1SHeNP6Q+dH50+8VifN51Ig==",
        "dependencies": {
          "@types/glob-to-regexp": "@types/glob-to-regexp@0.4.4",
          "dequal": "dequal@2.0.3",
          "glob-to-regexp": "glob-to-regexp@0.4.1",
          "is-subset": "is-subset@0.1.1",
          "regexparam": "regexparam@3.0.0"
        }
      },
      "follow-redirects@1.15.8": {
        "integrity": "sha512-xgrmBhBToVKay1q2Tao5LI26B83UhrB/vM1avwVSDzt8rx3rO6AizBAaF46EgksTVr+rFTQaqZZ9MVBfUe4nig==",
        "dependencies": {}
      },
      "form-data@4.0.0": {
        "integrity": "sha512-ETEklSGi5t0QMZuiXoA/Q6vcnxcLQP5vdugSpuAyi6SVGi2clPPp+xgEhuMaHC+zGgn31Kd235W35f7Hykkaww==",
        "dependencies": {
          "asynckit": "asynckit@0.4.0",
          "combined-stream": "combined-stream@1.0.8",
          "mime-types": "mime-types@2.1.35"
        }
      },
      "glob-to-regexp@0.4.1": {
        "integrity": "sha512-lkX1HJXwyMcprw/5YUZc2s7DrpAiHB21/V+E1rHUrVNokkvB6bqMzT0VfV6/86ZNabt1k14YOIaT7nDvOX3Iiw==",
        "dependencies": {}
      },
      "hast-util-to-html@9.0.3": {
        "integrity": "sha512-M17uBDzMJ9RPCqLMO92gNNUDuBSq10a25SDBI08iCCxmorf4Yy6sYHK57n9WAbRAAaU+DuR4W6GN9K4DFZesYg==",
        "dependencies": {
          "@types/hast": "@types/hast@3.0.4",
          "@types/unist": "@types/unist@3.0.3",
          "ccount": "ccount@2.0.1",
          "comma-separated-tokens": "comma-separated-tokens@2.0.3",
          "hast-util-whitespace": "hast-util-whitespace@3.0.0",
          "html-void-elements": "html-void-elements@3.0.0",
          "mdast-util-to-hast": "mdast-util-to-hast@13.2.0",
          "property-information": "property-information@6.5.0",
          "space-separated-tokens": "space-separated-tokens@2.0.2",
          "stringify-entities": "stringify-entities@4.0.4",
          "zwitch": "zwitch@2.0.4"
        }
      },
      "hast-util-whitespace@3.0.0": {
        "integrity": "sha512-88JUN06ipLwsnv+dVn+OIYOvAuvBMy/Qoi6O7mQHxdPXpjy+Cd6xRkWwux7DKO+4sYILtLBRIKgsdpS2gQc7qw==",
        "dependencies": {
          "@types/hast": "@types/hast@3.0.4"
        }
      },
      "html-void-elements@3.0.0": {
        "integrity": "sha512-bEqo66MRXsUGxWHV5IP0PUiAWwoEjba4VCzg0LjFJBpchPaTfyfCKTG6bc5F8ucKec3q5y6qOdGyYTSBEvhCrg==",
        "dependencies": {}
      },
      "is-buffer@2.0.5": {
        "integrity": "sha512-i2R6zNFDwgEHJyQUtJEk0XFi1i0dPFn/oqjK3/vPCcDeJvW5NQ83V8QbicfF1SupOaB0h8ntgBC2YiE7dfyctQ==",
        "dependencies": {}
      },
      "is-subset@0.1.1": {
        "integrity": "sha512-6Ybun0IkarhmEqxXCNw/C0bna6Zb/TkfUX9UbwJtK6ObwAVCxmAP308WWTHviM/zAqXk05cdhYsUsZeGQh99iw==",
        "dependencies": {}
      },
      "linkify-it@5.0.0": {
        "integrity": "sha512-5aHCbzQRADcdP+ATqnDuhhJ/MRIqDkZX5pyjFHRRysS8vZ5AbqGEoFIb6pYHPZ+L/OC2Lc+xT8uHVVR5CAK/wQ==",
        "dependencies": {
          "uc.micro": "uc.micro@2.1.0"
        }
      },
      "lunr@2.3.9": {
        "integrity": "sha512-zTU3DaZaF3Rt9rhN3uBMGQD3dD2/vFQqnvZCDv4dl5iOzq2IZQqTxu90r4E5J+nP70J3ilqVCrbho2eWaeW8Ow==",
        "dependencies": {}
      },
      "markdown-it@14.1.0": {
        "integrity": "sha512-a54IwgWPaeBCAAsv13YgmALOF1elABB08FxO9i+r4VFk5Vl4pKokRPeX8u5TCgSsPi6ec1otfLjdOpVcgbpshg==",
        "dependencies": {
          "argparse": "argparse@2.0.1",
          "entities": "entities@4.5.0",
          "linkify-it": "linkify-it@5.0.0",
          "mdurl": "mdurl@2.0.0",
          "punycode.js": "punycode.js@2.3.1",
          "uc.micro": "uc.micro@2.1.0"
        }
      },
      "mdast-util-to-hast@13.2.0": {
        "integrity": "sha512-QGYKEuUsYT9ykKBCMOEDLsU5JRObWQusAolFMeko/tYPufNkRffBAQjIE+99jbA87xv6FgmjLtwjh9wBWajwAA==",
        "dependencies": {
          "@types/hast": "@types/hast@3.0.4",
          "@types/mdast": "@types/mdast@4.0.4",
          "@ungap/structured-clone": "@ungap/structured-clone@1.2.0",
          "devlop": "devlop@1.1.0",
          "micromark-util-sanitize-uri": "micromark-util-sanitize-uri@2.0.0",
          "trim-lines": "trim-lines@3.0.1",
          "unist-util-position": "unist-util-position@5.0.0",
          "unist-util-visit": "unist-util-visit@5.0.0",
          "vfile": "vfile@6.0.3"
        }
      },
      "mdurl@2.0.0": {
        "integrity": "sha512-Lf+9+2r+Tdp5wXDXC4PcIBjTDtq4UKjCPMQhKIuzpJNW0b96kVqSwW0bT7FhRSfmAiFYgP+SCRvdrDozfh0U5w==",
        "dependencies": {}
      },
      "micromark-util-character@2.1.0": {
        "integrity": "sha512-KvOVV+X1yLBfs9dCBSopq/+G1PcgT3lAK07mC4BzXi5E7ahzMAF8oIupDDJ6mievI6F+lAATkbQQlQixJfT3aQ==",
        "dependencies": {
          "micromark-util-symbol": "micromark-util-symbol@2.0.0",
          "micromark-util-types": "micromark-util-types@2.0.0"
        }
      },
      "micromark-util-encode@2.0.0": {
        "integrity": "sha512-pS+ROfCXAGLWCOc8egcBvT0kf27GoWMqtdarNfDcjb6YLuV5cM3ioG45Ys2qOVqeqSbjaKg72vU+Wby3eddPsA==",
        "dependencies": {}
      },
      "micromark-util-sanitize-uri@2.0.0": {
        "integrity": "sha512-WhYv5UEcZrbAtlsnPuChHUAsu/iBPOVaEVsntLBIdpibO0ddy8OzavZz3iL2xVvBZOpolujSliP65Kq0/7KIYw==",
        "dependencies": {
          "micromark-util-character": "micromark-util-character@2.1.0",
          "micromark-util-encode": "micromark-util-encode@2.0.0",
          "micromark-util-symbol": "micromark-util-symbol@2.0.0"
        }
      },
      "micromark-util-symbol@2.0.0": {
        "integrity": "sha512-8JZt9ElZ5kyTnO94muPxIGS8oyElRJaiJO8EzV6ZSyGQ1Is8xwl4Q45qU5UOg+bGH4AikWziz0iN4sFLWs8PGw==",
        "dependencies": {}
      },
      "micromark-util-types@2.0.0": {
        "integrity": "sha512-oNh6S2WMHWRZrmutsRmDDfkzKtxF+bc2VxLC9dvtrDIRFln627VsFP6fLMgTryGDljgLPjkrzQSDcPrjPyDJ5w==",
        "dependencies": {}
      },
      "mime-db@1.52.0": {
        "integrity": "sha512-sPU4uV7dYlvtWJxwwxHD0PuihVNiE7TyAbQ5SWxDCB9mUYvOgroQOwYQQOKPJ8CIbE+1ETVlOoK1UC2nU3gYvg==",
        "dependencies": {}
      },
      "mime-types@2.1.35": {
        "integrity": "sha512-ZDY+bPm5zTTF+YpCrAU9nK0UgICYPT0QtT1NZWFv4s++TNkcgVaT0g6+4R2uI4MjQjzysHB1zxuWL50hzaeXiw==",
        "dependencies": {
          "mime-db": "mime-db@1.52.0"
        }
      },
      "minimatch@9.0.5": {
        "integrity": "sha512-G6T0ZX48xgozx7587koeX9Ys2NYy6Gmv//P89sEte9V9whIapMNF4idKxnW2QtCcLiTWlb/wfCabAtAFWhhBow==",
        "dependencies": {
          "brace-expansion": "brace-expansion@2.0.1"
        }
      },
      "node-domexception@1.0.0": {
        "integrity": "sha512-/jKZoMpw0F8GRwl4/eLROPA3cfcXtLApP0QzLmUT/HuPCZWyB7IY9ZrMeKw2O/nFIqPQB3PVM9aYm0F312AXDQ==",
        "dependencies": {}
      },
      "oniguruma-to-js@0.4.3": {
        "integrity": "sha512-X0jWUcAlxORhOqqBREgPMgnshB7ZGYszBNspP+tS9hPD3l13CdaXcHbgImoHUHlrvGx/7AvFEkTRhAGYh+jzjQ==",
        "dependencies": {
          "regex": "regex@4.3.3"
        }
      },
      "property-information@6.5.0": {
        "integrity": "sha512-PgTgs/BlvHxOu8QuEN7wi5A0OmXaBcHpmCSTehcs6Uuu9IkDIEo13Hy7n898RHfrQ49vKCoGeWZSaAK01nwVig==",
        "dependencies": {}
      },
      "proxy-from-env@1.1.0": {
        "integrity": "sha512-D+zkORCbA9f1tdWRK0RaCR3GPv50cMxcrz4X8k5LTSUD1Dkw47mKJEZQNunItRTkWwgtaUSo1RVFRIG9ZXiFYg==",
        "dependencies": {}
      },
      "punycode.js@2.3.1": {
        "integrity": "sha512-uxFIHU0YlHYhDQtV4R9J6a52SLx28BCjT+4ieh7IGbgwVJWO+km431c4yRlREUAsAmt/uMjQUyQHNEPf0M39CA==",
        "dependencies": {}
      },
      "regex@4.3.3": {
        "integrity": "sha512-r/AadFO7owAq1QJVeZ/nq9jNS1vyZt+6t1p/E59B56Rn2GCya+gr1KSyOzNL/er+r+B7phv5jG2xU2Nz1YkmJg==",
        "dependencies": {}
      },
      "regexparam@3.0.0": {
        "integrity": "sha512-RSYAtP31mvYLkAHrOlh25pCNQ5hWnT106VukGaaFfuJrZFkGRX5GhUAdPqpSDXxOhA2c4akmRuplv1mRqnBn6Q==",
        "dependencies": {}
      },
      "shiki@1.21.0": {
        "integrity": "sha512-apCH5BoWTrmHDPGgg3RF8+HAAbEL/CdbYr8rMw7eIrdhCkZHdVGat5mMNlRtd1erNG01VPMIKHNQ0Pj2HMAiog==",
        "dependencies": {
          "@shikijs/core": "@shikijs/core@1.21.0",
          "@shikijs/engine-javascript": "@shikijs/engine-javascript@1.21.0",
          "@shikijs/engine-oniguruma": "@shikijs/engine-oniguruma@1.21.0",
          "@shikijs/types": "@shikijs/types@1.21.0",
          "@shikijs/vscode-textmate": "@shikijs/vscode-textmate@9.2.2",
          "@types/hast": "@types/hast@3.0.4"
        }
      },
      "space-separated-tokens@2.0.2": {
        "integrity": "sha512-PEGlAwrG8yXGXRjW32fGbg66JAlOAwbObuqVoJpv/mRgoWDQfgH1wDPvtzWyUSNAXBGSk8h755YDbbcEy3SH2Q==",
        "dependencies": {}
      },
      "stringify-entities@4.0.4": {
        "integrity": "sha512-IwfBptatlO+QCJUo19AqvrPNqlVMpW9YEL2LIVY+Rpv2qsjCGxaDLNRgeGsQWJhfItebuJhsGSLjaBbNSQ+ieg==",
        "dependencies": {
          "character-entities-html4": "character-entities-html4@2.1.0",
          "character-entities-legacy": "character-entities-legacy@3.0.0"
        }
      },
      "trim-lines@3.0.1": {
        "integrity": "sha512-kRj8B+YHZCc9kQYdWfJB2/oUl9rA99qbowYYBtr4ui4mZyAQ2JpvVBd/6U2YloATfqBhBTSMhTpgBHtU0Mf3Rg==",
        "dependencies": {}
      },
      "typedoc@0.26.7_typescript@5.5.4": {
        "integrity": "sha512-gUeI/Wk99vjXXMi8kanwzyhmeFEGv1LTdTQsiyIsmSYsBebvFxhbcyAx7Zjo4cMbpLGxM4Uz3jVIjksu/I2v6Q==",
        "dependencies": {
          "lunr": "lunr@2.3.9",
          "markdown-it": "markdown-it@14.1.0",
          "minimatch": "minimatch@9.0.5",
          "shiki": "shiki@1.21.0",
          "typescript": "typescript@5.5.4",
          "yaml": "yaml@2.5.1"
        }
      },
      "typescript@5.5.4": {
        "integrity": "sha512-Mtq29sKDAEYP7aljRgtPOpTvOfbwRWlS6dPRzwjdE+C0R4brX/GUyhHSecbHMFLNBLcJIPt9nl9yG5TZ1weH+Q==",
        "dependencies": {}
      },
      "uc.micro@2.1.0": {
        "integrity": "sha512-ARDJmphmdvUk6Glw7y9DQ2bFkKBHwQHLi2lsaH6PPmz/Ka9sFOBsBluozhDltWmnv9u/cF6Rt87znRTPV+yp/A==",
        "dependencies": {}
      },
      "unist-util-is@6.0.0": {
        "integrity": "sha512-2qCTHimwdxLfz+YzdGfkqNlH0tLi9xjTnHddPmJwtIG9MGsdbutfTc4P+haPD7l7Cjxf/WZj+we5qfVPvvxfYw==",
        "dependencies": {
          "@types/unist": "@types/unist@3.0.3"
        }
      },
      "unist-util-position@5.0.0": {
        "integrity": "sha512-fucsC7HjXvkB5R3kTCO7kUjRdrS0BJt3M/FPxmHMBOm8JQi2BsHAHFsy27E0EolP8rp0NzXsJ+jNPyDWvOJZPA==",
        "dependencies": {
          "@types/unist": "@types/unist@3.0.3"
        }
      },
      "unist-util-stringify-position@4.0.0": {
        "integrity": "sha512-0ASV06AAoKCDkS2+xw5RXJywruurpbC4JZSm7nr7MOt1ojAzvyyaO+UxZf18j8FCF6kmzCZKcAgN/yu2gm2XgQ==",
        "dependencies": {
          "@types/unist": "@types/unist@3.0.3"
        }
      },
      "unist-util-visit-parents@6.0.1": {
        "integrity": "sha512-L/PqWzfTP9lzzEa6CKs0k2nARxTdZduw3zyh8d2NVBnsyvHjSX4TWse388YrrQKbvI8w20fGjGlhgT96WwKykw==",
        "dependencies": {
          "@types/unist": "@types/unist@3.0.3",
          "unist-util-is": "unist-util-is@6.0.0"
        }
      },
      "unist-util-visit@5.0.0": {
        "integrity": "sha512-MR04uvD+07cwl/yhVuVWAtw+3GOR/knlL55Nd/wAdblk27GCVt3lqpTivy/tkJcZoNPzTwS1Y+KMojlLDhoTzg==",
        "dependencies": {
          "@types/unist": "@types/unist@3.0.3",
          "unist-util-is": "unist-util-is@6.0.0",
          "unist-util-visit-parents": "unist-util-visit-parents@6.0.1"
        }
      },
      "vfile-message@4.0.2": {
        "integrity": "sha512-jRDZ1IMLttGj41KcZvlrYAaI3CfqpLpfpf+Mfig13viT6NKvRzWZ+lXz0Y5D60w6uJIBAOGq9mSHf0gktF0duw==",
        "dependencies": {
          "@types/unist": "@types/unist@3.0.3",
          "unist-util-stringify-position": "unist-util-stringify-position@4.0.0"
        }
      },
      "vfile@6.0.3": {
        "integrity": "sha512-KzIbH/9tXat2u30jf+smMwFCsno4wHVdNmzFyL+T/L3UGqqk6JKfVqOFOZEpZSHADH1k40ab6NUIXZq422ov3Q==",
        "dependencies": {
          "@types/unist": "@types/unist@3.0.3",
          "vfile-message": "vfile-message@4.0.2"
        }
      },
      "yaml@2.5.1": {
        "integrity": "sha512-bLQOjaX/ADgQ20isPJRvF0iRUHIxVhYvr53Of7wGcWlO2jvtUlH5m87DsmulFVxRpNLOnI4tB6p/oh8D7kpn9Q==",
        "dependencies": {}
      },
      "zwitch@2.0.4": {
        "integrity": "sha512-bXE4cR/kVZhKZX/RjPEflHaKVhUVl85noU3v6b8apfQEc1x4A+zBxjZ4lN8LqGd6WZ3dl98pY4o717VFmoPp+A==",
        "dependencies": {}
      }
    }
  },
  "remote": {
    "https://deno.land/x/keypress@0.0.11/mod.ts": "22fe0ea62136f3015149c639f891076a5b2312c0b8974c4a2bd8acaaded61c61"
  },
  "workspace": {
    "dependencies": [
      "jsr:@deno/dnt@^0.41.3",
      "jsr:@std/assert@^1.0.0",
      "jsr:@std/fs@^1.0.0",
      "jsr:@std/jsonc@^1.0.0",
      "jsr:@std/path@^1.0.0",
      "jsr:@std/streams@^1.0.0",
      "jsr:@std/testing@^1.0.0",
      "npm:axios-mock-adapter@^2.0.0",
      "npm:axios@^1.7.3",
      "npm:fetch-blob@^4.0.0",
      "npm:fetch-mock@^11.1.3",
      "npm:typescript@^5.4.5"
    ]
  }
}
